{
  "nodes": {
    "nixCats": {
      "locked": {
        "lastModified": 1745911228,
        "narHash": "sha256-fKa0Qx29He9fug22n9PYcqshtclvWxQoplLuqti6iXM=",
        "owner": "BirdeeHub",
        "repo": "nixCats-nvim",
        "rev": "88363047c9e5ac20001b9f3ee964fdc89cc2eb86",
        "type": "github"
      },
      "original": {
        "owner": "BirdeeHub",
        "repo": "nixCats-nvim",
        "type": "github"
      }
    },
    "nixpkgs": {
      "locked": {
        "lastModified": 1745804731,
        "narHash": "sha256-v/sK3AS0QKu/Tu5sHIfddiEHCvrbNYPv8X10Fpux68g=",
        "owner": "nixos",
        "repo": "nixpkgs",
        "rev": "29335f23bea5e34228349ea739f31ee79e267b88",
        "type": "github"
      },
      "original": {
        "owner": "nixos",
        "ref": "nixpkgs-unstable",
        "repo": "nixpkgs",
        "type": "github"
      }
    },
    "plugins-alduin": {
      "flake": false,
      "locked": {
        "lastModified": 1742397717,
        "narHash": "sha256-LICSWLKovRMrEMQLtBsMs5LEuXugejZjJqJ80qnxZnI=",
        "owner": "conorhk",
        "repo": "alduin.nvim",
        "rev": "807813aa59a23ce9dd02601e78de3d5af777071b",
        "type": "github"
      },
      "original": {
        "owner": "conorhk",
        "repo": "alduin.nvim",
        "type": "github"
      }
    },
    "plugins-smear-cursor": {
      "flake": false,
      "locked": {
        "lastModified": 1745339377,
        "narHash": "sha256-WNNiqt0Syi3dMY9KITAS0VDYF0mvo5bGqYj3eFuMPK8=",
        "owner": "sphamba",
        "repo": "smear-cursor.nvim",
        "rev": "8820b313e49a018c7d56fc309c51363c0e9ae653",
        "type": "github"
      },
      "original": {
        "owner": "sphamba",
        "repo": "smear-cursor.nvim",
        "type": "github"
      }
    },
    "root": {
      "inputs": {
        "nixCats": "nixCats",
        "nixpkgs": "nixpkgs",
        "plugins-alduin": "plugins-alduin",
        "plugins-smear-cursor": "plugins-smear-cursor"
      }
    }
  },
  "root": "root",
  "version": 7
}
