{
  "nodes": {
    "nixCats": {
      "locked": {
        "lastModified": 1745981676,
        "narHash": "sha256-KGkNQbZaX+1KKBjUoltOby36+rH2CPNLFpm1blZ5Li4=",
        "owner": "BirdeeHub",
        "repo": "nixCats-nvim",
        "rev": "a4b78fc624b31b68536cdead4699c27bcb9e655a",
        "type": "github"
      },
      "original": {
        "owner": "BirdeeHub",
        "repo": "nixCats-nvim",
        "type": "github"
      }
    },
    "nixpkgs": {
      "locked": {
        "lastModified": 1746152631,
        "narHash": "sha256-zBuvmL6+CUsk2J8GINpyy8Hs1Zp4PP6iBWSmZ4SCQ/s=",
        "owner": "nixos",
        "repo": "nixpkgs",
        "rev": "032bc6539bd5f14e9d0c51bd79cfe9a055b094c3",
        "type": "github"
      },
      "original": {
        "owner": "nixos",
        "ref": "nixpkgs-unstable",
        "repo": "nixpkgs",
        "type": "github"
      }
    },
    "plugins-alduin": {
      "flake": false,
      "locked": {
        "lastModified": 1742397717,
        "narHash": "sha256-LICSWLKovRMrEMQLtBsMs5LEuXugejZjJqJ80qnxZnI=",
        "owner": "conorhk",
        "repo": "alduin.nvim",
        "rev": "807813aa59a23ce9dd02601e78de3d5af777071b",
        "type": "github"
      },
      "original": {
        "owner": "conorhk",
        "repo": "alduin.nvim",
        "type": "github"
      }
    },
    "plugins-smear-cursor": {
      "flake": false,
      "locked": {
        "lastModified": 1745339377,
        "narHash": "sha256-WNNiqt0Syi3dMY9KITAS0VDYF0mvo5bGqYj3eFuMPK8=",
        "owner": "sphamba",
        "repo": "smear-cursor.nvim",
        "rev": "8820b313e49a018c7d56fc309c51363c0e9ae653",
        "type": "github"
      },
      "original": {
        "owner": "sphamba",
        "repo": "smear-cursor.nvim",
        "type": "github"
      }
    },
    "root": {
      "inputs": {
        "nixCats": "nixCats",
        "nixpkgs": "nixpkgs",
        "plugins-alduin": "plugins-alduin",
        "plugins-smear-cursor": "plugins-smear-cursor"
      }
    }
  },
  "root": "root",
  "version": 7
}
